// !$*UTF8*$!
{
	archiveVersion = 1;
	classes = {
	};
	objectVersion = 46;
	objects = {

/* Begin PBXBuildFile section */
		832A760B1CC9885600FEA998 /* main.m in Sources */ = {isa = PBXBuildFile; fileRef = 832A760A1CC9885600FEA998 /* main.m */; };
		832A760E1CC9885600FEA998 /* AppDelegate.m in Sources */ = {isa = PBXBuildFile; fileRef = 832A760D1CC9885600FEA998 /* AppDelegate.m */; };
		832A76141CC9885600FEA998 /* Main.storyboard in Resources */ = {isa = PBXBuildFile; fileRef = 832A76121CC9885600FEA998 /* Main.storyboard */; };
		832A76161CC9885600FEA998 /* Assets.xcassets in Resources */ = {isa = PBXBuildFile; fileRef = 832A76151CC9885600FEA998 /* Assets.xcassets */; };
		832A76191CC9885600FEA998 /* LaunchScreen.storyboard in Resources */ = {isa = PBXBuildFile; fileRef = 832A76171CC9885600FEA998 /* LaunchScreen.storyboard */; };
		832A76221CC98B8600FEA998 /* AppConstants.m in Sources */ = {isa = PBXBuildFile; fileRef = 832A76211CC98B8600FEA998 /* AppConstants.m */; };
		835961B71CC9F88F00D22A10 /* UserManager.m in Sources */ = {isa = PBXBuildFile; fileRef = 835961B61CC9F88F00D22A10 /* UserManager.m */; };
		835961BA1CC9F8D100D22A10 /* TransactionObject.m in Sources */ = {isa = PBXBuildFile; fileRef = 835961B91CC9F8D100D22A10 /* TransactionObject.m */; };
		835961BD1CC9FA9100D22A10 /* AccountObject.m in Sources */ = {isa = PBXBuildFile; fileRef = 835961BC1CC9FA9100D22A10 /* AccountObject.m */; };
		835961C11CC9FBEF00D22A10 /* BankObject.m in Sources */ = {isa = PBXBuildFile; fileRef = 835961C01CC9FBEF00D22A10 /* BankObject.m */; };
		835961CA1CCA0A4200D22A10 /* NSDate+DateByAddingDays.m in Sources */ = {isa = PBXBuildFile; fileRef = 835961C31CCA0A4200D22A10 /* NSDate+DateByAddingDays.m */; };
		835961CB1CCA0A4200D22A10 /* NSDateFormatter+StringWithFormat.m in Sources */ = {isa = PBXBuildFile; fileRef = 835961C51CCA0A4200D22A10 /* NSDateFormatter+StringWithFormat.m */; };
		835961CC1CCA0A4200D22A10 /* UIAlertView+Error.m in Sources */ = {isa = PBXBuildFile; fileRef = 835961C71CCA0A4200D22A10 /* UIAlertView+Error.m */; };
		835961CD1CCA0A4200D22A10 /* UIButton+ActivityIndicatorView.m in Sources */ = {isa = PBXBuildFile; fileRef = 835961C91CCA0A4200D22A10 /* UIButton+ActivityIndicatorView.m */; };
		835961D01CCA1E4600D22A10 /* Adapter.m in Sources */ = {isa = PBXBuildFile; fileRef = 835961CF1CCA1E4600D22A10 /* Adapter.m */; };
		835961D31CCC072800D22A10 /* AccountsTableViewController.m in Sources */ = {isa = PBXBuildFile; fileRef = 835961D21CCC072800D22A10 /* AccountsTableViewController.m */; };
		835961D61CCC073E00D22A10 /* HomeViewController.m in Sources */ = {isa = PBXBuildFile; fileRef = 835961D51CCC073E00D22A10 /* HomeViewController.m */; };
		83EA1D091CD166DD002F2DDF /* AddAccountTableViewController.m in Sources */ = {isa = PBXBuildFile; fileRef = 83EA1D081CD166DD002F2DDF /* AddAccountTableViewController.m */; };
		83EA1D0C1CD18D41002F2DDF /* AccountManager.m in Sources */ = {isa = PBXBuildFile; fileRef = 83EA1D0B1CD18D41002F2DDF /* AccountManager.m */; };
		B186E45215A692ADFD5CD891 /* libPods-Balance.a in Frameworks */ = {isa = PBXBuildFile; fileRef = 09DD390A1B78FEDDAAD8E872 /* libPods-Balance.a */; };
/* End PBXBuildFile section */

/* Begin PBXFileReference section */
		09DD390A1B78FEDDAAD8E872 /* libPods-Balance.a */ = {isa = PBXFileReference; explicitFileType = archive.ar; includeInIndex = 0; path = "libPods-Balance.a"; sourceTree = BUILT_PRODUCTS_DIR; };
		832A76061CC9885600FEA998 /* Balance.app */ = {isa = PBXFileReference; explicitFileType = wrapper.application; includeInIndex = 0; path = Balance.app; sourceTree = BUILT_PRODUCTS_DIR; };
		832A760A1CC9885600FEA998 /* main.m */ = {isa = PBXFileReference; lastKnownFileType = sourcecode.c.objc; path = main.m; sourceTree = "<group>"; };
		832A760C1CC9885600FEA998 /* AppDelegate.h */ = {isa = PBXFileReference; lastKnownFileType = sourcecode.c.h; path = AppDelegate.h; sourceTree = "<group>"; };
		832A760D1CC9885600FEA998 /* AppDelegate.m */ = {isa = PBXFileReference; lastKnownFileType = sourcecode.c.objc; path = AppDelegate.m; sourceTree = "<group>"; };
		832A76131CC9885600FEA998 /* Base */ = {isa = PBXFileReference; lastKnownFileType = file.storyboard; name = Base; path = Base.lproj/Main.storyboard; sourceTree = "<group>"; };
		832A76151CC9885600FEA998 /* Assets.xcassets */ = {isa = PBXFileReference; lastKnownFileType = folder.assetcatalog; path = Assets.xcassets; sourceTree = "<group>"; };
		832A76181CC9885600FEA998 /* Base */ = {isa = PBXFileReference; lastKnownFileType = file.storyboard; name = Base; path = Base.lproj/LaunchScreen.storyboard; sourceTree = "<group>"; };
		832A761A1CC9885600FEA998 /* Info.plist */ = {isa = PBXFileReference; lastKnownFileType = text.plist.xml; path = Info.plist; sourceTree = "<group>"; };
		832A76201CC98B8600FEA998 /* AppConstants.h */ = {isa = PBXFileReference; fileEncoding = 4; lastKnownFileType = sourcecode.c.h; path = AppConstants.h; sourceTree = "<group>"; };
		832A76211CC98B8600FEA998 /* AppConstants.m */ = {isa = PBXFileReference; fileEncoding = 4; lastKnownFileType = sourcecode.c.objc; path = AppConstants.m; sourceTree = "<group>"; };
		832A762D1CC98E8300FEA998 /* Balance-Prefix.pch */ = {isa = PBXFileReference; lastKnownFileType = sourcecode.c.h; path = "Balance-Prefix.pch"; sourceTree = "<group>"; };
		835961B51CC9F88F00D22A10 /* UserManager.h */ = {isa = PBXFileReference; fileEncoding = 4; lastKnownFileType = sourcecode.c.h; name = UserManager.h; path = Models/UserManager.h; sourceTree = "<group>"; };
		835961B61CC9F88F00D22A10 /* UserManager.m */ = {isa = PBXFileReference; fileEncoding = 4; lastKnownFileType = sourcecode.c.objc; name = UserManager.m; path = Models/UserManager.m; sourceTree = "<group>"; };
		835961B81CC9F8D100D22A10 /* TransactionObject.h */ = {isa = PBXFileReference; fileEncoding = 4; lastKnownFileType = sourcecode.c.h; name = TransactionObject.h; path = Models/TransactionObject.h; sourceTree = "<group>"; };
		835961B91CC9F8D100D22A10 /* TransactionObject.m */ = {isa = PBXFileReference; fileEncoding = 4; lastKnownFileType = sourcecode.c.objc; name = TransactionObject.m; path = Models/TransactionObject.m; sourceTree = "<group>"; };
		835961BB1CC9FA9100D22A10 /* AccountObject.h */ = {isa = PBXFileReference; fileEncoding = 4; lastKnownFileType = sourcecode.c.h; name = AccountObject.h; path = Models/AccountObject.h; sourceTree = "<group>"; };
		835961BC1CC9FA9100D22A10 /* AccountObject.m */ = {isa = PBXFileReference; fileEncoding = 4; lastKnownFileType = sourcecode.c.objc; name = AccountObject.m; path = Models/AccountObject.m; sourceTree = "<group>"; };
		835961BF1CC9FBEF00D22A10 /* BankObject.h */ = {isa = PBXFileReference; fileEncoding = 4; lastKnownFileType = sourcecode.c.h; name = BankObject.h; path = Models/BankObject.h; sourceTree = "<group>"; };
		835961C01CC9FBEF00D22A10 /* BankObject.m */ = {isa = PBXFileReference; fileEncoding = 4; lastKnownFileType = sourcecode.c.objc; name = BankObject.m; path = Models/BankObject.m; sourceTree = "<group>"; };
		835961C21CCA0A4200D22A10 /* NSDate+DateByAddingDays.h */ = {isa = PBXFileReference; fileEncoding = 4; lastKnownFileType = sourcecode.c.h; name = "NSDate+DateByAddingDays.h"; path = "Categories/NSDate+DateByAddingDays.h"; sourceTree = "<group>"; };
		835961C31CCA0A4200D22A10 /* NSDate+DateByAddingDays.m */ = {isa = PBXFileReference; fileEncoding = 4; lastKnownFileType = sourcecode.c.objc; name = "NSDate+DateByAddingDays.m"; path = "Categories/NSDate+DateByAddingDays.m"; sourceTree = "<group>"; };
		835961C41CCA0A4200D22A10 /* NSDateFormatter+StringWithFormat.h */ = {isa = PBXFileReference; fileEncoding = 4; lastKnownFileType = sourcecode.c.h; name = "NSDateFormatter+StringWithFormat.h"; path = "Categories/NSDateFormatter+StringWithFormat.h"; sourceTree = "<group>"; };
		835961C51CCA0A4200D22A10 /* NSDateFormatter+StringWithFormat.m */ = {isa = PBXFileReference; fileEncoding = 4; lastKnownFileType = sourcecode.c.objc; name = "NSDateFormatter+StringWithFormat.m"; path = "Categories/NSDateFormatter+StringWithFormat.m"; sourceTree = "<group>"; };
		835961C61CCA0A4200D22A10 /* UIAlertView+Error.h */ = {isa = PBXFileReference; fileEncoding = 4; lastKnownFileType = sourcecode.c.h; name = "UIAlertView+Error.h"; path = "Categories/UIAlertView+Error.h"; sourceTree = "<group>"; };
		835961C71CCA0A4200D22A10 /* UIAlertView+Error.m */ = {isa = PBXFileReference; fileEncoding = 4; lastKnownFileType = sourcecode.c.objc; name = "UIAlertView+Error.m"; path = "Categories/UIAlertView+Error.m"; sourceTree = "<group>"; };
		835961C81CCA0A4200D22A10 /* UIButton+ActivityIndicatorView.h */ = {isa = PBXFileReference; fileEncoding = 4; lastKnownFileType = sourcecode.c.h; name = "UIButton+ActivityIndicatorView.h"; path = "Categories/UIButton+ActivityIndicatorView.h"; sourceTree = "<group>"; };
		835961C91CCA0A4200D22A10 /* UIButton+ActivityIndicatorView.m */ = {isa = PBXFileReference; fileEncoding = 4; lastKnownFileType = sourcecode.c.objc; name = "UIButton+ActivityIndicatorView.m"; path = "Categories/UIButton+ActivityIndicatorView.m"; sourceTree = "<group>"; };
		835961CE1CCA1E4600D22A10 /* Adapter.h */ = {isa = PBXFileReference; fileEncoding = 4; lastKnownFileType = sourcecode.c.h; name = Adapter.h; path = Models/Adapter.h; sourceTree = "<group>"; };
		835961CF1CCA1E4600D22A10 /* Adapter.m */ = {isa = PBXFileReference; fileEncoding = 4; lastKnownFileType = sourcecode.c.objc; name = Adapter.m; path = Models/Adapter.m; sourceTree = "<group>"; };
		835961D11CCC072800D22A10 /* AccountsTableViewController.h */ = {isa = PBXFileReference; fileEncoding = 4; lastKnownFileType = sourcecode.c.h; name = AccountsTableViewController.h; path = Controllers/AccountsTableViewController.h; sourceTree = "<group>"; };
		835961D21CCC072800D22A10 /* AccountsTableViewController.m */ = {isa = PBXFileReference; fileEncoding = 4; lastKnownFileType = sourcecode.c.objc; name = AccountsTableViewController.m; path = Controllers/AccountsTableViewController.m; sourceTree = "<group>"; };
		835961D41CCC073E00D22A10 /* HomeViewController.h */ = {isa = PBXFileReference; fileEncoding = 4; lastKnownFileType = sourcecode.c.h; name = HomeViewController.h; path = Controllers/HomeViewController.h; sourceTree = "<group>"; };
		835961D51CCC073E00D22A10 /* HomeViewController.m */ = {isa = PBXFileReference; fileEncoding = 4; lastKnownFileType = sourcecode.c.objc; name = HomeViewController.m; path = Controllers/HomeViewController.m; sourceTree = "<group>"; };
		83EA1D071CD166DD002F2DDF /* AddAccountTableViewController.h */ = {isa = PBXFileReference; fileEncoding = 4; lastKnownFileType = sourcecode.c.h; name = AddAccountTableViewController.h; path = Controllers/AddAccountTableViewController.h; sourceTree = "<group>"; };
		83EA1D081CD166DD002F2DDF /* AddAccountTableViewController.m */ = {isa = PBXFileReference; fileEncoding = 4; lastKnownFileType = sourcecode.c.objc; name = AddAccountTableViewController.m; path = Controllers/AddAccountTableViewController.m; sourceTree = "<group>"; };
		83EA1D0A1CD18D41002F2DDF /* AccountManager.h */ = {isa = PBXFileReference; fileEncoding = 4; lastKnownFileType = sourcecode.c.h; name = AccountManager.h; path = Models/AccountManager.h; sourceTree = "<group>"; };
		83EA1D0B1CD18D41002F2DDF /* AccountManager.m */ = {isa = PBXFileReference; fileEncoding = 4; lastKnownFileType = sourcecode.c.objc; name = AccountManager.m; path = Models/AccountManager.m; sourceTree = "<group>"; };
		883871DB2CE94624EDEBA99B /* Pods-Balance.debug.xcconfig */ = {isa = PBXFileReference; includeInIndex = 1; lastKnownFileType = text.xcconfig; name = "Pods-Balance.debug.xcconfig"; path = "Pods/Target Support Files/Pods-Balance/Pods-Balance.debug.xcconfig"; sourceTree = "<group>"; };
		EE6ADE43772F9B4707CF0797 /* Pods-Balance.release.xcconfig */ = {isa = PBXFileReference; includeInIndex = 1; lastKnownFileType = text.xcconfig; name = "Pods-Balance.release.xcconfig"; path = "Pods/Target Support Files/Pods-Balance/Pods-Balance.release.xcconfig"; sourceTree = "<group>"; };
/* End PBXFileReference section */

/* Begin PBXFrameworksBuildPhase section */
		832A76031CC9885600FEA998 /* Frameworks */ = {
			isa = PBXFrameworksBuildPhase;
			buildActionMask = 2147483647;
			files = (
				B186E45215A692ADFD5CD891 /* libPods-Balance.a in Frameworks */,
			);
			runOnlyForDeploymentPostprocessing = 0;
		};
/* End PBXFrameworksBuildPhase section */

/* Begin PBXGroup section */
		21E25939261A2311D0E2A0A1 /* Frameworks */ = {
			isa = PBXGroup;
			children = (
				09DD390A1B78FEDDAAD8E872 /* libPods-Balance.a */,
			);
			name = Frameworks;
			sourceTree = "<group>";
		};
		822CF5B526EAE19BDA4AAB31 /* Pods */ = {
			isa = PBXGroup;
			children = (
				883871DB2CE94624EDEBA99B /* Pods-Balance.debug.xcconfig */,
				EE6ADE43772F9B4707CF0797 /* Pods-Balance.release.xcconfig */,
			);
			name = Pods;
			sourceTree = "<group>";
		};
		832A75FD1CC9885600FEA998 = {
			isa = PBXGroup;
			children = (
				832A76081CC9885600FEA998 /* Balance */,
				832A76071CC9885600FEA998 /* Products */,
				822CF5B526EAE19BDA4AAB31 /* Pods */,
				21E25939261A2311D0E2A0A1 /* Frameworks */,
			);
			sourceTree = "<group>";
		};
		832A76071CC9885600FEA998 /* Products */ = {
			isa = PBXGroup;
			children = (
				832A76061CC9885600FEA998 /* Balance.app */,
			);
			name = Products;
			sourceTree = "<group>";
		};
		832A76081CC9885600FEA998 /* Balance */ = {
			isa = PBXGroup;
			children = (
				832A76121CC9885600FEA998 /* Main.storyboard */,
				832A760C1CC9885600FEA998 /* AppDelegate.h */,
				832A760D1CC9885600FEA998 /* AppDelegate.m */,
				832A76201CC98B8600FEA998 /* AppConstants.h */,
				832A76211CC98B8600FEA998 /* AppConstants.m */,
				832A76271CC98D3300FEA998 /* Models */,
				832A76281CC98D3700FEA998 /* Controllers */,
				832A76291CC98D4E00FEA998 /* Views */,
				832A762A1CC98D5800FEA998 /* Categories */,
				832A762B1CC98D7300FEA998 /* Segues */,
				832A76151CC9885600FEA998 /* Assets.xcassets */,
				832A76171CC9885600FEA998 /* LaunchScreen.storyboard */,
				832A76091CC9885600FEA998 /* Supporting Files */,
			);
			path = Balance;
			sourceTree = "<group>";
		};
		832A76091CC9885600FEA998 /* Supporting Files */ = {
			isa = PBXGroup;
			children = (
				832A761A1CC9885600FEA998 /* Info.plist */,
				832A760A1CC9885600FEA998 /* main.m */,
				832A762D1CC98E8300FEA998 /* Balance-Prefix.pch */,
			);
			name = "Supporting Files";
			sourceTree = "<group>";
		};
		832A76271CC98D3300FEA998 /* Models */ = {
			isa = PBXGroup;
			children = (
				835961CE1CCA1E4600D22A10 /* Adapter.h */,
				835961CF1CCA1E4600D22A10 /* Adapter.m */,
				835961B51CC9F88F00D22A10 /* UserManager.h */,
				835961B61CC9F88F00D22A10 /* UserManager.m */,
				835961BF1CC9FBEF00D22A10 /* BankObject.h */,
				835961C01CC9FBEF00D22A10 /* BankObject.m */,
				83EA1D0A1CD18D41002F2DDF /* AccountManager.h */,
				83EA1D0B1CD18D41002F2DDF /* AccountManager.m */,
				835961BB1CC9FA9100D22A10 /* AccountObject.h */,
				835961BC1CC9FA9100D22A10 /* AccountObject.m */,
				835961B81CC9F8D100D22A10 /* TransactionObject.h */,
				835961B91CC9F8D100D22A10 /* TransactionObject.m */,
			);
			name = Models;
			sourceTree = "<group>";
		};
		832A76281CC98D3700FEA998 /* Controllers */ = {
			isa = PBXGroup;
			children = (
				835961D41CCC073E00D22A10 /* HomeViewController.h */,
				835961D51CCC073E00D22A10 /* HomeViewController.m */,
				835961D11CCC072800D22A10 /* AccountsTableViewController.h */,
				835961D21CCC072800D22A10 /* AccountsTableViewController.m */,
				83EA1D071CD166DD002F2DDF /* AddAccountTableViewController.h */,
				83EA1D081CD166DD002F2DDF /* AddAccountTableViewController.m */,
			);
			name = Controllers;
			sourceTree = "<group>";
		};
		832A76291CC98D4E00FEA998 /* Views */ = {
			isa = PBXGroup;
			children = (
			);
			name = Views;
			sourceTree = "<group>";
		};
		832A762A1CC98D5800FEA998 /* Categories */ = {
			isa = PBXGroup;
			children = (
				835961C21CCA0A4200D22A10 /* NSDate+DateByAddingDays.h */,
				835961C31CCA0A4200D22A10 /* NSDate+DateByAddingDays.m */,
				835961C41CCA0A4200D22A10 /* NSDateFormatter+StringWithFormat.h */,
				835961C51CCA0A4200D22A10 /* NSDateFormatter+StringWithFormat.m */,
				835961C61CCA0A4200D22A10 /* UIAlertView+Error.h */,
				835961C71CCA0A4200D22A10 /* UIAlertView+Error.m */,
				835961C81CCA0A4200D22A10 /* UIButton+ActivityIndicatorView.h */,
				835961C91CCA0A4200D22A10 /* UIButton+ActivityIndicatorView.m */,
			);
			name = Categories;
			sourceTree = "<group>";
		};
		832A762B1CC98D7300FEA998 /* Segues */ = {
			isa = PBXGroup;
			children = (
			);
			name = Segues;
			sourceTree = "<group>";
		};
/* End PBXGroup section */

/* Begin PBXNativeTarget section */
		832A76051CC9885600FEA998 /* Balance */ = {
			isa = PBXNativeTarget;
			buildConfigurationList = 832A761D1CC9885600FEA998 /* Build configuration list for PBXNativeTarget "Balance" */;
			buildPhases = (
				3A44668175221E458230B75A /* Check Pods Manifest.lock */,
				832A76021CC9885600FEA998 /* Sources */,
				832A76031CC9885600FEA998 /* Frameworks */,
				832A76041CC9885600FEA998 /* Resources */,
				2E9C26526591B65B68032459 /* Copy Pods Resources */,
				622A1CC314D3AA2CE794564A /* Embed Pods Frameworks */,
			);
			buildRules = (
			);
			dependencies = (
			);
			name = Balance;
			productName = Balance;
			productReference = 832A76061CC9885600FEA998 /* Balance.app */;
			productType = "com.apple.product-type.application";
		};
/* End PBXNativeTarget section */

/* Begin PBXProject section */
		832A75FE1CC9885600FEA998 /* Project object */ = {
			isa = PBXProject;
			attributes = {
				LastUpgradeCheck = 0730;
				ORGANIZATIONNAME = Relaunch;
				TargetAttributes = {
					832A76051CC9885600FEA998 = {
						CreatedOnToolsVersion = 7.3;
					};
				};
			};
			buildConfigurationList = 832A76011CC9885600FEA998 /* Build configuration list for PBXProject "Balance" */;
			compatibilityVersion = "Xcode 3.2";
			developmentRegion = English;
			hasScannedForEncodings = 0;
			knownRegions = (
				en,
				Base,
			);
			mainGroup = 832A75FD1CC9885600FEA998;
			productRefGroup = 832A76071CC9885600FEA998 /* Products */;
			projectDirPath = "";
			projectRoot = "";
			targets = (
				832A76051CC9885600FEA998 /* Balance */,
			);
		};
/* End PBXProject section */

/* Begin PBXResourcesBuildPhase section */
		832A76041CC9885600FEA998 /* Resources */ = {
			isa = PBXResourcesBuildPhase;
			buildActionMask = 2147483647;
			files = (
				832A76191CC9885600FEA998 /* LaunchScreen.storyboard in Resources */,
				832A76161CC9885600FEA998 /* Assets.xcassets in Resources */,
				832A76141CC9885600FEA998 /* Main.storyboard in Resources */,
			);
			runOnlyForDeploymentPostprocessing = 0;
		};
/* End PBXResourcesBuildPhase section */

/* Begin PBXShellScriptBuildPhase section */
		2E9C26526591B65B68032459 /* Copy Pods Resources */ = {
			isa = PBXShellScriptBuildPhase;
			buildActionMask = 2147483647;
			files = (
			);
			inputPaths = (
			);
			name = "Copy Pods Resources";
			outputPaths = (
			);
			runOnlyForDeploymentPostprocessing = 0;
			shellPath = /bin/sh;
			shellScript = "\"${SRCROOT}/Pods/Target Support Files/Pods-Balance/Pods-Balance-resources.sh\"\n";
			showEnvVarsInLog = 0;
		};
		3A44668175221E458230B75A /* Check Pods Manifest.lock */ = {
			isa = PBXShellScriptBuildPhase;
			buildActionMask = 2147483647;
			files = (
			);
			inputPaths = (
			);
			name = "Check Pods Manifest.lock";
			outputPaths = (
			);
			runOnlyForDeploymentPostprocessing = 0;
			shellPath = /bin/sh;
			shellScript = "diff \"${PODS_ROOT}/../Podfile.lock\" \"${PODS_ROOT}/Manifest.lock\" > /dev/null\nif [[ $? != 0 ]] ; then\n    cat << EOM\nerror: The sandbox is not in sync with the Podfile.lock. Run 'pod install' or update your CocoaPods installation.\nEOM\n    exit 1\nfi\n";
			showEnvVarsInLog = 0;
		};
		622A1CC314D3AA2CE794564A /* Embed Pods Frameworks */ = {
			isa = PBXShellScriptBuildPhase;
			buildActionMask = 2147483647;
			files = (
			);
			inputPaths = (
			);
			name = "Embed Pods Frameworks";
			outputPaths = (
			);
			runOnlyForDeploymentPostprocessing = 0;
			shellPath = /bin/sh;
			shellScript = "\"${SRCROOT}/Pods/Target Support Files/Pods-Balance/Pods-Balance-frameworks.sh\"\n";
			showEnvVarsInLog = 0;
		};
/* End PBXShellScriptBuildPhase section */

/* Begin PBXSourcesBuildPhase section */
		832A76021CC9885600FEA998 /* Sources */ = {
			isa = PBXSourcesBuildPhase;
			buildActionMask = 2147483647;
			files = (
				83EA1D091CD166DD002F2DDF /* AddAccountTableViewController.m in Sources */,
				835961B71CC9F88F00D22A10 /* UserManager.m in Sources */,
				835961CD1CCA0A4200D22A10 /* UIButton+ActivityIndicatorView.m in Sources */,
				83EA1D0C1CD18D41002F2DDF /* AccountManager.m in Sources */,
				835961CA1CCA0A4200D22A10 /* NSDate+DateByAddingDays.m in Sources */,
				835961D01CCA1E4600D22A10 /* Adapter.m in Sources */,
				835961CB1CCA0A4200D22A10 /* NSDateFormatter+StringWithFormat.m in Sources */,
				835961D61CCC073E00D22A10 /* HomeViewController.m in Sources */,
				835961CC1CCA0A4200D22A10 /* UIAlertView+Error.m in Sources */,
				835961C11CC9FBEF00D22A10 /* BankObject.m in Sources */,
				832A760E1CC9885600FEA998 /* AppDelegate.m in Sources */,
				835961BD1CC9FA9100D22A10 /* AccountObject.m in Sources */,
				832A760B1CC9885600FEA998 /* main.m in Sources */,
				832A76221CC98B8600FEA998 /* AppConstants.m in Sources */,
				835961BA1CC9F8D100D22A10 /* TransactionObject.m in Sources */,
				835961D31CCC072800D22A10 /* AccountsTableViewController.m in Sources */,
			);
			runOnlyForDeploymentPostprocessing = 0;
		};
/* End PBXSourcesBuildPhase section */

/* Begin PBXVariantGroup section */
		832A76121CC9885600FEA998 /* Main.storyboard */ = {
			isa = PBXVariantGroup;
			children = (
				832A76131CC9885600FEA998 /* Base */,
			);
			name = Main.storyboard;
			sourceTree = "<group>";
		};
		832A76171CC9885600FEA998 /* LaunchScreen.storyboard */ = {
			isa = PBXVariantGroup;
			children = (
				832A76181CC9885600FEA998 /* Base */,
			);
			name = LaunchScreen.storyboard;
			sourceTree = "<group>";
		};
/* End PBXVariantGroup section */

/* Begin XCBuildConfiguration section */
		832A761B1CC9885600FEA998 /* Debug */ = {
			isa = XCBuildConfiguration;
			buildSettings = {
				ALWAYS_SEARCH_USER_PATHS = NO;
				CLANG_ANALYZER_NONNULL = YES;
				CLANG_CXX_LANGUAGE_STANDARD = "gnu++0x";
				CLANG_CXX_LIBRARY = "libc++";
				CLANG_ENABLE_MODULES = YES;
				CLANG_ENABLE_OBJC_ARC = YES;
				CLANG_WARN_BOOL_CONVERSION = YES;
				CLANG_WARN_CONSTANT_CONVERSION = YES;
				CLANG_WARN_DIRECT_OBJC_ISA_USAGE = YES_ERROR;
				CLANG_WARN_EMPTY_BODY = YES;
				CLANG_WARN_ENUM_CONVERSION = YES;
				CLANG_WARN_INT_CONVERSION = YES;
				CLANG_WARN_OBJC_ROOT_CLASS = YES_ERROR;
				CLANG_WARN_UNREACHABLE_CODE = YES;
				CLANG_WARN__DUPLICATE_METHOD_MATCH = YES;
				"CODE_SIGN_IDENTITY[sdk=iphoneos*]" = "iPhone Developer";
				COPY_PHASE_STRIP = NO;
				DEBUG_INFORMATION_FORMAT = dwarf;
				ENABLE_STRICT_OBJC_MSGSEND = YES;
				ENABLE_TESTABILITY = YES;
				GCC_C_LANGUAGE_STANDARD = gnu99;
				GCC_DYNAMIC_NO_PIC = NO;
				GCC_NO_COMMON_BLOCKS = YES;
				GCC_OPTIMIZATION_LEVEL = 0;
				GCC_PREPROCESSOR_DEFINITIONS = (
					"DEBUG=1",
					"$(inherited)",
				);
				GCC_WARN_64_TO_32_BIT_CONVERSION = YES;
				GCC_WARN_ABOUT_RETURN_TYPE = YES_ERROR;
				GCC_WARN_UNDECLARED_SELECTOR = YES;
				GCC_WARN_UNINITIALIZED_AUTOS = YES_AGGRESSIVE;
				GCC_WARN_UNUSED_FUNCTION = YES;
				GCC_WARN_UNUSED_VARIABLE = YES;
				IPHONEOS_DEPLOYMENT_TARGET = 8.0;
				MTL_ENABLE_DEBUG_INFO = YES;
				ONLY_ACTIVE_ARCH = YES;
				SDKROOT = iphoneos;
			};
			name = Debug;
		};
		832A761C1CC9885600FEA998 /* Release */ = {
			isa = XCBuildConfiguration;
			buildSettings = {
				ALWAYS_SEARCH_USER_PATHS = NO;
				CLANG_ANALYZER_NONNULL = YES;
				CLANG_CXX_LANGUAGE_STANDARD = "gnu++0x";
				CLANG_CXX_LIBRARY = "libc++";
				CLANG_ENABLE_MODULES = YES;
				CLANG_ENABLE_OBJC_ARC = YES;
				CLANG_WARN_BOOL_CONVERSION = YES;
				CLANG_WARN_CONSTANT_CONVERSION = YES;
				CLANG_WARN_DIRECT_OBJC_ISA_USAGE = YES_ERROR;
				CLANG_WARN_EMPTY_BODY = YES;
				CLANG_WARN_ENUM_CONVERSION = YES;
				CLANG_WARN_INT_CONVERSION = YES;
				CLANG_WARN_OBJC_ROOT_CLASS = YES_ERROR;
				CLANG_WARN_UNREACHABLE_CODE = YES;
				CLANG_WARN__DUPLICATE_METHOD_MATCH = YES;
				"CODE_SIGN_IDENTITY[sdk=iphoneos*]" = "iPhone Developer";
				COPY_PHASE_STRIP = NO;
				DEBUG_INFORMATION_FORMAT = "dwarf-with-dsym";
				ENABLE_NS_ASSERTIONS = NO;
				ENABLE_STRICT_OBJC_MSGSEND = YES;
				GCC_C_LANGUAGE_STANDARD = gnu99;
				GCC_NO_COMMON_BLOCKS = YES;
				GCC_WARN_64_TO_32_BIT_CONVERSION = YES;
				GCC_WARN_ABOUT_RETURN_TYPE = YES_ERROR;
				GCC_WARN_UNDECLARED_SELECTOR = YES;
				GCC_WARN_UNINITIALIZED_AUTOS = YES_AGGRESSIVE;
				GCC_WARN_UNUSED_FUNCTION = YES;
				GCC_WARN_UNUSED_VARIABLE = YES;
				IPHONEOS_DEPLOYMENT_TARGET = 8.0;
				MTL_ENABLE_DEBUG_INFO = NO;
				SDKROOT = iphoneos;
				VALIDATE_PRODUCT = YES;
			};
			name = Release;
		};
		832A761E1CC9885600FEA998 /* Debug */ = {
			isa = XCBuildConfiguration;
			baseConfigurationReference = 883871DB2CE94624EDEBA99B /* Pods-Balance.debug.xcconfig */;
			buildSettings = {
				ASSETCATALOG_COMPILER_APPICON_NAME = AppIcon;
				ASSETCATALOG_COMPILER_LAUNCHIMAGE_NAME = LaunchImage;
				GCC_PRECOMPILE_PREFIX_HEADER = YES;
				GCC_PREFIX_HEADER = "Balance/Balance-Prefix.pch";
				INFOPLIST_FILE = Balance/Info.plist;
				LD_RUNPATH_SEARCH_PATHS = "$(inherited) @executable_path/Frameworks";
				PRODUCT_BUNDLE_IDENTIFIER = io.relaunch.Balance;
				PRODUCT_NAME = "$(TARGET_NAME)";
			};
			name = Debug;
		};
		832A761F1CC9885600FEA998 /* Release */ = {
			isa = XCBuildConfiguration;
			baseConfigurationReference = EE6ADE43772F9B4707CF0797 /* Pods-Balance.release.xcconfig */;
			buildSettings = {
				ASSETCATALOG_COMPILER_APPICON_NAME = AppIcon;
				ASSETCATALOG_COMPILER_LAUNCHIMAGE_NAME = LaunchImage;
				GCC_PRECOMPILE_PREFIX_HEADER = YES;
				GCC_PREFIX_HEADER = "Balance/Balance-Prefix.pch";
				INFOPLIST_FILE = Balance/Info.plist;
				LD_RUNPATH_SEARCH_PATHS = "$(inherited) @executable_path/Frameworks";
				PRODUCT_BUNDLE_IDENTIFIER = io.relaunch.Balance;
				PRODUCT_NAME = "$(TARGET_NAME)";
			};
			name = Release;
		};
/* End XCBuildConfiguration section */

/* Begin XCConfigurationList section */
		832A76011CC9885600FEA998 /* Build configuration list for PBXProject "Balance" */ = {
			isa = XCConfigurationList;
			buildConfigurations = (
				832A761B1CC9885600FEA998 /* Debug */,
				832A761C1CC9885600FEA998 /* Release */,
			);
			defaultConfigurationIsVisible = 0;
			defaultConfigurationName = Release;
		};
		832A761D1CC9885600FEA998 /* Build configuration list for PBXNativeTarget "Balance" */ = {
			isa = XCConfigurationList;
			buildConfigurations = (
				832A761E1CC9885600FEA998 /* Debug */,
				832A761F1CC9885600FEA998 /* Release */,
			);
			defaultConfigurationIsVisible = 0;
			defaultConfigurationName = Release;
		};
/* End XCConfigurationList section */
	};
	rootObject = 832A75FE1CC9885600FEA998 /* Project object */;
}
